
Microsoft Visual Studio Solution File, Format Version 12.00
# Visual Studio Version 17
VisualStudioVersion = 17.13.35919.96
MinimumVisualStudioVersion = 10.0.40219.1
Project("{FAE04EC0-301F-11D3-BF4B-00C04F79EFBC}") = "AutoSeed", "AutoSeed.csproj", "{6242546C-F075-4A42-8DCD-89019E7D562B}"
EndProject
Project("{2150E333-8FDC-42A3-9474-1A3956D46DE8}") = "Solution Items", "Solution Items", "{8EC462FD-D22E-90A8-E5CE-7E832BA40C5D}"
	ProjectSection(SolutionItems) = preProject
		CogWheel.webp = CogWheel.webp
	EndProjectSection
EndProject
Global
	GlobalSection(SolutionConfigurationPlatforms) = preSolution
		Debug|Any CPU = Debug|Any CPU
		Release|Any CPU = Release|Any CPU
	EndGlobalSection
	GlobalSection(ProjectConfigurationPlatforms) = postSolution
		{6242546C-F075-4A42-8DCD-89019E7D562B}.Debug|Any CPU.ActiveCfg = Debug|Any CPU
		{6242546C-F075-4A42-8DCD-89019E7D562B}.Debug|Any CPU.Build.0 = Debug|Any CPU
		{6242546C-F075-4A42-8DCD-89019E7D562B}.Release|Any CPU.ActiveCfg = Release|Any CPU
		{6242546C-F075-4A42-8DCD-89019E7D562B}.Release|Any CPU.Build.0 = Release|Any CPU
	EndGlobalSection
	GlobalSection(SolutionProperties) = preSolution
		HideSolutionNode = FALSE
	EndGlobalSection
	GlobalSection(ExtensibilityGlobals) = postSolution
		SolutionGuid = {4D097572-1316-4EBF-9666-C35C0515185B}
	EndGlobalSection
EndGlobal
